
Microsoft Visual Studio Solution File, Format Version 12.00
# Visual Studio 15
VisualStudioVersion = 15.0.27428.2043
MinimumVisualStudioVersion = 10.0.40219.1
Project("{FAE04EC0-301F-11D3-BF4B-00C04F79EFBC}") = "DebugDemo", "DebugDemo\DebugDemo.csproj", "{66C2CD2B-3D6A-4B6C-B129-0B38153C6A43}"
EndProject
Project("{FAE04EC0-301F-11D3-BF4B-00C04F79EFBC}") = "M3_variabler", "M3_variabler\M3_variabler.csproj", "{EE15EBA9-0CEA-4016-8F0B-A4B56163BA02}"
EndProject
Project("{FAE04EC0-301F-11D3-BF4B-00C04F79EFBC}") = "CS_Opgave_Variabler", "CS_Opgave_Variabler\CS_Opgave_Variabler.csproj", "{46EFF9D5-E66B-4F1E-9759-CF6612BD0EC1}"
EndProject
Project("{FAE04EC0-301F-11D3-BF4B-00C04F79EFBC}") = "StackHeap", "StackHeap\StackHeap.csproj", "{AB11B818-33D2-4E1E-8750-EA33C0E2220B}"
EndProject
Project("{FAE04EC0-301F-11D3-BF4B-00C04F79EFBC}") = "RefVaribles", "RefVaribles\RefVaribles.csproj", "{F10C8A57-3EC6-4639-A8BD-BE54F7663010}"
EndProject
Project("{FAE04EC0-301F-11D3-BF4B-00C04F79EFBC}") = "månedsLønGennmsnit", "månedsLønGennmsnit\månedsLønGennmsnit.csproj", "{64599163-9CC7-4A7B-87E5-F00DB0046162}"
EndProject
Project("{FAE04EC0-301F-11D3-BF4B-00C04F79EFBC}") = "ArbejdeMedStrenge", "ArbejdeMedStrenge\ArbejdeMedStrenge.csproj", "{D8EF3766-EC98-4ABA-992A-161AEEF4BC85}"
EndProject
Project("{FAE04EC0-301F-11D3-BF4B-00C04F79EFBC}") = "10Tabel", "10Tabel\10Tabel.csproj", "{8C1535D7-8C50-488D-82E9-9FDFD9E831DC}"
EndProject
Global
	GlobalSection(SolutionConfigurationPlatforms) = preSolution
		Debug|Any CPU = Debug|Any CPU
		Release|Any CPU = Release|Any CPU
	EndGlobalSection
	GlobalSection(ProjectConfigurationPlatforms) = postSolution
		{66C2CD2B-3D6A-4B6C-B129-0B38153C6A43}.Debug|Any CPU.ActiveCfg = Debug|Any CPU
		{66C2CD2B-3D6A-4B6C-B129-0B38153C6A43}.Debug|Any CPU.Build.0 = Debug|Any CPU
		{66C2CD2B-3D6A-4B6C-B129-0B38153C6A43}.Release|Any CPU.ActiveCfg = Release|Any CPU
		{66C2CD2B-3D6A-4B6C-B129-0B38153C6A43}.Release|Any CPU.Build.0 = Release|Any CPU
		{EE15EBA9-0CEA-4016-8F0B-A4B56163BA02}.Debug|Any CPU.ActiveCfg = Debug|Any CPU
		{EE15EBA9-0CEA-4016-8F0B-A4B56163BA02}.Debug|Any CPU.Build.0 = Debug|Any CPU
		{EE15EBA9-0CEA-4016-8F0B-A4B56163BA02}.Release|Any CPU.ActiveCfg = Release|Any CPU
		{EE15EBA9-0CEA-4016-8F0B-A4B56163BA02}.Release|Any CPU.Build.0 = Release|Any CPU
		{46EFF9D5-E66B-4F1E-9759-CF6612BD0EC1}.Debug|Any CPU.ActiveCfg = Debug|Any CPU
		{46EFF9D5-E66B-4F1E-9759-CF6612BD0EC1}.Debug|Any CPU.Build.0 = Debug|Any CPU
		{46EFF9D5-E66B-4F1E-9759-CF6612BD0EC1}.Release|Any CPU.ActiveCfg = Release|Any CPU
		{46EFF9D5-E66B-4F1E-9759-CF6612BD0EC1}.Release|Any CPU.Build.0 = Release|Any CPU
		{AB11B818-33D2-4E1E-8750-EA33C0E2220B}.Debug|Any CPU.ActiveCfg = Debug|Any CPU
		{AB11B818-33D2-4E1E-8750-EA33C0E2220B}.Debug|Any CPU.Build.0 = Debug|Any CPU
		{AB11B818-33D2-4E1E-8750-EA33C0E2220B}.Release|Any CPU.ActiveCfg = Release|Any CPU
		{AB11B818-33D2-4E1E-8750-EA33C0E2220B}.Release|Any CPU.Build.0 = Release|Any CPU
		{F10C8A57-3EC6-4639-A8BD-BE54F7663010}.Debug|Any CPU.ActiveCfg = Debug|Any CPU
		{F10C8A57-3EC6-4639-A8BD-BE54F7663010}.Debug|Any CPU.Build.0 = Debug|Any CPU
		{F10C8A57-3EC6-4639-A8BD-BE54F7663010}.Release|Any CPU.ActiveCfg = Release|Any CPU
		{F10C8A57-3EC6-4639-A8BD-BE54F7663010}.Release|Any CPU.Build.0 = Release|Any CPU
		{64599163-9CC7-4A7B-87E5-F00DB0046162}.Debug|Any CPU.ActiveCfg = Debug|Any CPU
		{64599163-9CC7-4A7B-87E5-F00DB0046162}.Debug|Any CPU.Build.0 = Debug|Any CPU
		{64599163-9CC7-4A7B-87E5-F00DB0046162}.Release|Any CPU.ActiveCfg = Release|Any CPU
		{64599163-9CC7-4A7B-87E5-F00DB0046162}.Release|Any CPU.Build.0 = Release|Any CPU
		{D8EF3766-EC98-4ABA-992A-161AEEF4BC85}.Debug|Any CPU.ActiveCfg = Debug|Any CPU
		{D8EF3766-EC98-4ABA-992A-161AEEF4BC85}.Debug|Any CPU.Build.0 = Debug|Any CPU
		{D8EF3766-EC98-4ABA-992A-161AEEF4BC85}.Release|Any CPU.ActiveCfg = Release|Any CPU
		{D8EF3766-EC98-4ABA-992A-161AEEF4BC85}.Release|Any CPU.Build.0 = Release|Any CPU
		{8C1535D7-8C50-488D-82E9-9FDFD9E831DC}.Debug|Any CPU.ActiveCfg = Debug|Any CPU
		{8C1535D7-8C50-488D-82E9-9FDFD9E831DC}.Debug|Any CPU.Build.0 = Debug|Any CPU
		{8C1535D7-8C50-488D-82E9-9FDFD9E831DC}.Release|Any CPU.ActiveCfg = Release|Any CPU
		{8C1535D7-8C50-488D-82E9-9FDFD9E831DC}.Release|Any CPU.Build.0 = Release|Any CPU
	EndGlobalSection
	GlobalSection(SolutionProperties) = preSolution
		HideSolutionNode = FALSE
	EndGlobalSection
	GlobalSection(ExtensibilityGlobals) = postSolution
		SolutionGuid = {EECBA245-E197-4BA7-ADCA-EFB735A958F3}
	EndGlobalSection
EndGlobal
