
Microsoft Visual Studio Solution File, Format Version 12.00
# Visual Studio 15
VisualStudioVersion = 15.0.27428.2043
MinimumVisualStudioVersion = 10.0.40219.1
Project("{FAE04EC0-301F-11D3-BF4B-00C04F79EFBC}") = "DebugDemo", "DebugDemo\DebugDemo.csproj", "{66C2CD2B-3D6A-4B6C-B129-0B38153C6A43}"
EndProject
Project("{FAE04EC0-301F-11D3-BF4B-00C04F79EFBC}") = "M3_variabler", "M3_variabler\M3_variabler.csproj", "{EE15EBA9-0CEA-4016-8F0B-A4B56163BA02}"
EndProject
Project("{FAE04EC0-301F-11D3-BF4B-00C04F79EFBC}") = "CS_Opgave_Variabler", "CS_Opgave_Variabler\CS_Opgave_Variabler.csproj", "{46EFF9D5-E66B-4F1E-9759-CF6612BD0EC1}"
EndProject
Project("{FAE04EC0-301F-11D3-BF4B-00C04F79EFBC}") = "StackHeap", "StackHeap\StackHeap.csproj", "{AB11B818-33D2-4E1E-8750-EA33C0E2220B}"
EndProject
Project("{FAE04EC0-301F-11D3-BF4B-00C04F79EFBC}") = "RefVaribles", "RefVaribles\RefVaribles.csproj", "{F10C8A57-3EC6-4639-A8BD-BE54F7663010}"
EndProject
Project("{FAE04EC0-301F-11D3-BF4B-00C04F79EFBC}") = "månedsLønGennmsnit", "månedsLønGennmsnit\månedsLønGennmsnit.csproj", "{64599163-9CC7-4A7B-87E5-F00DB0046162}"
EndProject
Project("{FAE04EC0-301F-11D3-BF4B-00C04F79EFBC}") = "ArbejdeMedStrenge", "ArbejdeMedStrenge\ArbejdeMedStrenge.csproj", "{D8EF3766-EC98-4ABA-992A-161AEEF4BC85}"
EndProject
Project("{FAE04EC0-301F-11D3-BF4B-00C04F79EFBC}") = "10Tabel", "10Tabel\10Tabel.csproj", "{8C1535D7-8C50-488D-82E9-9FDFD9E831DC}"
EndProject
Project("{FAE04EC0-301F-11D3-BF4B-00C04F79EFBC}") = "småMethods", "småMethods\småMethods.csproj", "{971A2DC9-11CE-48A7-BDE3-1696A4D003B7}"
EndProject
Project("{FAE04EC0-301F-11D3-BF4B-00C04F79EFBC}") = "Overload", "Overload\Overload.csproj", "{CD629A53-FF8A-4933-B045-9BCAE8FDECA3}"
EndProject
Project("{FAE04EC0-301F-11D3-BF4B-00C04F79EFBC}") = "Rekursion", "Rekursion\Rekursion.csproj", "{414B5830-C332-4AB6-AA60-0F46C2872DC7}"
EndProject
Project("{FAE04EC0-301F-11D3-BF4B-00C04F79EFBC}") = "Person", "Person\Person.csproj", "{C071E5D5-F7FE-45AB-A147-731D89A912E6}"
EndProject
Project("{FAE04EC0-301F-11D3-BF4B-00C04F79EFBC}") = "Terning_1", "Terning_1\Terning_1.csproj", "{25D01307-20EC-4075-9D78-6101454EABCB}"
EndProject
Project("{FAE04EC0-301F-11D3-BF4B-00C04F79EFBC}") = "EgenskabsOpgave", "EgenskabsOpgave\EgenskabsOpgave.csproj", "{561F2C4A-3C47-444A-80BF-F84D07B0F094}"
EndProject
Project("{FAE04EC0-301F-11D3-BF4B-00C04F79EFBC}") = "EgenskaberOpgave2", "EgenskaberOpgave2\EgenskaberOpgave2.csproj", "{47DB85C0-656A-4365-8837-DC7B251286F7}"
EndProject
Project("{FAE04EC0-301F-11D3-BF4B-00C04F79EFBC}") = "Trekant", "Trekant\Trekant.csproj", "{894D15D5-2439-43B0-BAB3-954DD1E5F92B}"
EndProject
Project("{FAE04EC0-301F-11D3-BF4B-00C04F79EFBC}") = "StatiskeMetoder", "StatiskeMetoder\StatiskeMetoder.csproj", "{A4950C80-0CCC-4F6A-B089-AF8F4A8DC8F2}"
EndProject
Project("{FAE04EC0-301F-11D3-BF4B-00C04F79EFBC}") = "Teknologisk.Terning.Kerne", "Teknologisk.Terning.Kerne\Teknologisk.Terning.Kerne.csproj", "{98E8968E-44E3-4EA8-BCE6-705CA3124460}"
EndProject
Project("{FAE04EC0-301F-11D3-BF4B-00C04F79EFBC}") = "Teknologisk.Terning.ConsoleApp", "Teknologiske.Terning.ConsoleApp\Teknologisk.Terning.ConsoleApp.csproj", "{E1C785E8-158D-4B03-A4C5-958CC33B1C2F}"
EndProject
Project("{FAE04EC0-301F-11D3-BF4B-00C04F79EFBC}") = "inheritance", "inheritance\inheritance.csproj", "{450EA89B-8960-43DC-8964-CE66E5F3E889}"
EndProject
Project("{FAE04EC0-301F-11D3-BF4B-00C04F79EFBC}") = "RandomTrueFalse", "RandomTrueFalse\RandomTrueFalse.csproj", "{0F18EAFB-C825-483A-B912-3C9123F6CE50}"
EndProject
Project("{FAE04EC0-301F-11D3-BF4B-00C04F79EFBC}") = "LudoTerning", "LudoTerning\LudoTerning.csproj", "{117DF6E7-FFAF-49D0-80FF-B31607A29661}"
EndProject
Project("{FAE04EC0-301F-11D3-BF4B-00C04F79EFBC}") = "PolyMorphi", "PolyMorphi\PolyMorphi.csproj", "{7EC722F7-B971-4E68-BD27-E460BC5062D2}"
EndProject
Project("{FAE04EC0-301F-11D3-BF4B-00C04F79EFBC}") = "PolymorphyOpg", "PolymorphyOpg\PolymorphyOpg.csproj", "{B3857E3F-A47E-4AA7-813E-DAC34F26BACB}"
EndProject
Project("{FAE04EC0-301F-11D3-BF4B-00C04F79EFBC}") = "PolyMorphiOpg2", "PolyMorphiOpg2\PolyMorphiOpg2.csproj", "{287AB54C-6146-450B-8F45-67C841AB7743}"
EndProject
Project("{FAE04EC0-301F-11D3-BF4B-00C04F79EFBC}") = "EventHandelingOpg", "EventHandelingOpg\EventHandelingOpg.csproj", "{BC8798C8-66CB-431E-9A90-2A6A8F0A54ED}"
EndProject
Project("{FAE04EC0-301F-11D3-BF4B-00C04F79EFBC}") = "Interface", "Interface\Interface.csproj", "{C22B06F0-F6BB-4384-8F4A-71FE4DAB6CCA}"
EndProject
Project("{FAE04EC0-301F-11D3-BF4B-00C04F79EFBC}") = "InterfaceOpg", "ConsoleApp2\InterfaceOpg.csproj", "{1AB64AEF-AA83-45C2-B03E-282072FF318E}"
EndProject
Project("{FAE04EC0-301F-11D3-BF4B-00C04F79EFBC}") = "InterfaceCompare", "InterfaceCompare\InterfaceCompare.csproj", "{F16BE0D9-4F76-40CC-8614-C42BB18B6F89}"
EndProject
Project("{FAE04EC0-301F-11D3-BF4B-00C04F79EFBC}") = "InterfaceUsingOpg", "InterfaceUssingOpg\InterfaceUsingOpg.csproj", "{D57CB64A-9C32-4FD0-A735-F5BB3185C187}"
EndProject
Project("{FAE04EC0-301F-11D3-BF4B-00C04F79EFBC}") = "CollectionGenericsOpg", "CollectionGenericsOpg\CollectionGenericsOpg.csproj", "{67AEA2E8-9667-43CF-B70D-688CD6F87F47}"
EndProject
Project("{FAE04EC0-301F-11D3-BF4B-00C04F79EFBC}") = "CollectionOpg", "CollectionOpg\CollectionOpg.csproj", "{1865B964-D62D-479E-A7C5-6FFF844B0A28}"
EndProject
Project("{FAE04EC0-301F-11D3-BF4B-00C04F79EFBC}") = "DelegatesOpg1", "DelegatesOpg1\DelegatesOpg1.csproj", "{533A2B31-8D4D-4EFF-B7C9-1F839D07D8A3}"
EndProject
Project("{FAE04EC0-301F-11D3-BF4B-00C04F79EFBC}") = "DelegatesOpg2", "DelegatesOpg2\DelegatesOpg2.csproj", "{5A08C4BB-0554-4F79-95F9-6200704BD5A2}"
EndProject
Project("{FAE04EC0-301F-11D3-BF4B-00C04F79EFBC}") = "DelegateEventLampda", "DelegateEventLampda\DelegateEventLampda.csproj", "{44D08D7F-8F98-4C6C-81D8-7FA94683401F}"
EndProject
Global
	GlobalSection(SolutionConfigurationPlatforms) = preSolution
		Debug|Any CPU = Debug|Any CPU
		Release|Any CPU = Release|Any CPU
	EndGlobalSection
	GlobalSection(ProjectConfigurationPlatforms) = postSolution
		{66C2CD2B-3D6A-4B6C-B129-0B38153C6A43}.Debug|Any CPU.ActiveCfg = Debug|Any CPU
		{66C2CD2B-3D6A-4B6C-B129-0B38153C6A43}.Debug|Any CPU.Build.0 = Debug|Any CPU
		{66C2CD2B-3D6A-4B6C-B129-0B38153C6A43}.Release|Any CPU.ActiveCfg = Release|Any CPU
		{66C2CD2B-3D6A-4B6C-B129-0B38153C6A43}.Release|Any CPU.Build.0 = Release|Any CPU
		{EE15EBA9-0CEA-4016-8F0B-A4B56163BA02}.Debug|Any CPU.ActiveCfg = Debug|Any CPU
		{EE15EBA9-0CEA-4016-8F0B-A4B56163BA02}.Debug|Any CPU.Build.0 = Debug|Any CPU
		{EE15EBA9-0CEA-4016-8F0B-A4B56163BA02}.Release|Any CPU.ActiveCfg = Release|Any CPU
		{EE15EBA9-0CEA-4016-8F0B-A4B56163BA02}.Release|Any CPU.Build.0 = Release|Any CPU
		{46EFF9D5-E66B-4F1E-9759-CF6612BD0EC1}.Debug|Any CPU.ActiveCfg = Debug|Any CPU
		{46EFF9D5-E66B-4F1E-9759-CF6612BD0EC1}.Debug|Any CPU.Build.0 = Debug|Any CPU
		{46EFF9D5-E66B-4F1E-9759-CF6612BD0EC1}.Release|Any CPU.ActiveCfg = Release|Any CPU
		{46EFF9D5-E66B-4F1E-9759-CF6612BD0EC1}.Release|Any CPU.Build.0 = Release|Any CPU
		{AB11B818-33D2-4E1E-8750-EA33C0E2220B}.Debug|Any CPU.ActiveCfg = Debug|Any CPU
		{AB11B818-33D2-4E1E-8750-EA33C0E2220B}.Debug|Any CPU.Build.0 = Debug|Any CPU
		{AB11B818-33D2-4E1E-8750-EA33C0E2220B}.Release|Any CPU.ActiveCfg = Release|Any CPU
		{AB11B818-33D2-4E1E-8750-EA33C0E2220B}.Release|Any CPU.Build.0 = Release|Any CPU
		{F10C8A57-3EC6-4639-A8BD-BE54F7663010}.Debug|Any CPU.ActiveCfg = Debug|Any CPU
		{F10C8A57-3EC6-4639-A8BD-BE54F7663010}.Debug|Any CPU.Build.0 = Debug|Any CPU
		{F10C8A57-3EC6-4639-A8BD-BE54F7663010}.Release|Any CPU.ActiveCfg = Release|Any CPU
		{F10C8A57-3EC6-4639-A8BD-BE54F7663010}.Release|Any CPU.Build.0 = Release|Any CPU
		{64599163-9CC7-4A7B-87E5-F00DB0046162}.Debug|Any CPU.ActiveCfg = Debug|Any CPU
		{64599163-9CC7-4A7B-87E5-F00DB0046162}.Debug|Any CPU.Build.0 = Debug|Any CPU
		{64599163-9CC7-4A7B-87E5-F00DB0046162}.Release|Any CPU.ActiveCfg = Release|Any CPU
		{64599163-9CC7-4A7B-87E5-F00DB0046162}.Release|Any CPU.Build.0 = Release|Any CPU
		{D8EF3766-EC98-4ABA-992A-161AEEF4BC85}.Debug|Any CPU.ActiveCfg = Debug|Any CPU
		{D8EF3766-EC98-4ABA-992A-161AEEF4BC85}.Debug|Any CPU.Build.0 = Debug|Any CPU
		{D8EF3766-EC98-4ABA-992A-161AEEF4BC85}.Release|Any CPU.ActiveCfg = Release|Any CPU
		{D8EF3766-EC98-4ABA-992A-161AEEF4BC85}.Release|Any CPU.Build.0 = Release|Any CPU
		{8C1535D7-8C50-488D-82E9-9FDFD9E831DC}.Debug|Any CPU.ActiveCfg = Debug|Any CPU
		{8C1535D7-8C50-488D-82E9-9FDFD9E831DC}.Debug|Any CPU.Build.0 = Debug|Any CPU
		{8C1535D7-8C50-488D-82E9-9FDFD9E831DC}.Release|Any CPU.ActiveCfg = Release|Any CPU
		{8C1535D7-8C50-488D-82E9-9FDFD9E831DC}.Release|Any CPU.Build.0 = Release|Any CPU
		{971A2DC9-11CE-48A7-BDE3-1696A4D003B7}.Debug|Any CPU.ActiveCfg = Debug|Any CPU
		{971A2DC9-11CE-48A7-BDE3-1696A4D003B7}.Debug|Any CPU.Build.0 = Debug|Any CPU
		{971A2DC9-11CE-48A7-BDE3-1696A4D003B7}.Release|Any CPU.ActiveCfg = Release|Any CPU
		{971A2DC9-11CE-48A7-BDE3-1696A4D003B7}.Release|Any CPU.Build.0 = Release|Any CPU
		{CD629A53-FF8A-4933-B045-9BCAE8FDECA3}.Debug|Any CPU.ActiveCfg = Debug|Any CPU
		{CD629A53-FF8A-4933-B045-9BCAE8FDECA3}.Debug|Any CPU.Build.0 = Debug|Any CPU
		{CD629A53-FF8A-4933-B045-9BCAE8FDECA3}.Release|Any CPU.ActiveCfg = Release|Any CPU
		{CD629A53-FF8A-4933-B045-9BCAE8FDECA3}.Release|Any CPU.Build.0 = Release|Any CPU
		{414B5830-C332-4AB6-AA60-0F46C2872DC7}.Debug|Any CPU.ActiveCfg = Debug|Any CPU
		{414B5830-C332-4AB6-AA60-0F46C2872DC7}.Debug|Any CPU.Build.0 = Debug|Any CPU
		{414B5830-C332-4AB6-AA60-0F46C2872DC7}.Release|Any CPU.ActiveCfg = Release|Any CPU
		{414B5830-C332-4AB6-AA60-0F46C2872DC7}.Release|Any CPU.Build.0 = Release|Any CPU
		{C071E5D5-F7FE-45AB-A147-731D89A912E6}.Debug|Any CPU.ActiveCfg = Debug|Any CPU
		{C071E5D5-F7FE-45AB-A147-731D89A912E6}.Debug|Any CPU.Build.0 = Debug|Any CPU
		{C071E5D5-F7FE-45AB-A147-731D89A912E6}.Release|Any CPU.ActiveCfg = Release|Any CPU
		{C071E5D5-F7FE-45AB-A147-731D89A912E6}.Release|Any CPU.Build.0 = Release|Any CPU
		{25D01307-20EC-4075-9D78-6101454EABCB}.Debug|Any CPU.ActiveCfg = Debug|Any CPU
		{25D01307-20EC-4075-9D78-6101454EABCB}.Debug|Any CPU.Build.0 = Debug|Any CPU
		{25D01307-20EC-4075-9D78-6101454EABCB}.Release|Any CPU.ActiveCfg = Release|Any CPU
		{25D01307-20EC-4075-9D78-6101454EABCB}.Release|Any CPU.Build.0 = Release|Any CPU
		{561F2C4A-3C47-444A-80BF-F84D07B0F094}.Debug|Any CPU.ActiveCfg = Debug|Any CPU
		{561F2C4A-3C47-444A-80BF-F84D07B0F094}.Debug|Any CPU.Build.0 = Debug|Any CPU
		{561F2C4A-3C47-444A-80BF-F84D07B0F094}.Release|Any CPU.ActiveCfg = Release|Any CPU
		{561F2C4A-3C47-444A-80BF-F84D07B0F094}.Release|Any CPU.Build.0 = Release|Any CPU
		{47DB85C0-656A-4365-8837-DC7B251286F7}.Debug|Any CPU.ActiveCfg = Debug|Any CPU
		{47DB85C0-656A-4365-8837-DC7B251286F7}.Debug|Any CPU.Build.0 = Debug|Any CPU
		{47DB85C0-656A-4365-8837-DC7B251286F7}.Release|Any CPU.ActiveCfg = Release|Any CPU
		{47DB85C0-656A-4365-8837-DC7B251286F7}.Release|Any CPU.Build.0 = Release|Any CPU
		{894D15D5-2439-43B0-BAB3-954DD1E5F92B}.Debug|Any CPU.ActiveCfg = Debug|Any CPU
		{894D15D5-2439-43B0-BAB3-954DD1E5F92B}.Debug|Any CPU.Build.0 = Debug|Any CPU
		{894D15D5-2439-43B0-BAB3-954DD1E5F92B}.Release|Any CPU.ActiveCfg = Release|Any CPU
		{894D15D5-2439-43B0-BAB3-954DD1E5F92B}.Release|Any CPU.Build.0 = Release|Any CPU
		{A4950C80-0CCC-4F6A-B089-AF8F4A8DC8F2}.Debug|Any CPU.ActiveCfg = Debug|Any CPU
		{A4950C80-0CCC-4F6A-B089-AF8F4A8DC8F2}.Debug|Any CPU.Build.0 = Debug|Any CPU
		{A4950C80-0CCC-4F6A-B089-AF8F4A8DC8F2}.Release|Any CPU.ActiveCfg = Release|Any CPU
		{A4950C80-0CCC-4F6A-B089-AF8F4A8DC8F2}.Release|Any CPU.Build.0 = Release|Any CPU
		{98E8968E-44E3-4EA8-BCE6-705CA3124460}.Debug|Any CPU.ActiveCfg = Debug|Any CPU
		{98E8968E-44E3-4EA8-BCE6-705CA3124460}.Debug|Any CPU.Build.0 = Debug|Any CPU
		{98E8968E-44E3-4EA8-BCE6-705CA3124460}.Release|Any CPU.ActiveCfg = Release|Any CPU
		{98E8968E-44E3-4EA8-BCE6-705CA3124460}.Release|Any CPU.Build.0 = Release|Any CPU
		{E1C785E8-158D-4B03-A4C5-958CC33B1C2F}.Debug|Any CPU.ActiveCfg = Debug|Any CPU
		{E1C785E8-158D-4B03-A4C5-958CC33B1C2F}.Debug|Any CPU.Build.0 = Debug|Any CPU
		{E1C785E8-158D-4B03-A4C5-958CC33B1C2F}.Release|Any CPU.ActiveCfg = Release|Any CPU
		{E1C785E8-158D-4B03-A4C5-958CC33B1C2F}.Release|Any CPU.Build.0 = Release|Any CPU
		{450EA89B-8960-43DC-8964-CE66E5F3E889}.Debug|Any CPU.ActiveCfg = Debug|Any CPU
		{450EA89B-8960-43DC-8964-CE66E5F3E889}.Debug|Any CPU.Build.0 = Debug|Any CPU
		{450EA89B-8960-43DC-8964-CE66E5F3E889}.Release|Any CPU.ActiveCfg = Release|Any CPU
		{450EA89B-8960-43DC-8964-CE66E5F3E889}.Release|Any CPU.Build.0 = Release|Any CPU
		{0F18EAFB-C825-483A-B912-3C9123F6CE50}.Debug|Any CPU.ActiveCfg = Debug|Any CPU
		{0F18EAFB-C825-483A-B912-3C9123F6CE50}.Debug|Any CPU.Build.0 = Debug|Any CPU
		{0F18EAFB-C825-483A-B912-3C9123F6CE50}.Release|Any CPU.ActiveCfg = Release|Any CPU
		{0F18EAFB-C825-483A-B912-3C9123F6CE50}.Release|Any CPU.Build.0 = Release|Any CPU
		{117DF6E7-FFAF-49D0-80FF-B31607A29661}.Debug|Any CPU.ActiveCfg = Debug|Any CPU
		{117DF6E7-FFAF-49D0-80FF-B31607A29661}.Debug|Any CPU.Build.0 = Debug|Any CPU
		{117DF6E7-FFAF-49D0-80FF-B31607A29661}.Release|Any CPU.ActiveCfg = Release|Any CPU
		{117DF6E7-FFAF-49D0-80FF-B31607A29661}.Release|Any CPU.Build.0 = Release|Any CPU
		{7EC722F7-B971-4E68-BD27-E460BC5062D2}.Debug|Any CPU.ActiveCfg = Debug|Any CPU
		{7EC722F7-B971-4E68-BD27-E460BC5062D2}.Debug|Any CPU.Build.0 = Debug|Any CPU
		{7EC722F7-B971-4E68-BD27-E460BC5062D2}.Release|Any CPU.ActiveCfg = Release|Any CPU
		{7EC722F7-B971-4E68-BD27-E460BC5062D2}.Release|Any CPU.Build.0 = Release|Any CPU
		{B3857E3F-A47E-4AA7-813E-DAC34F26BACB}.Debug|Any CPU.ActiveCfg = Debug|Any CPU
		{B3857E3F-A47E-4AA7-813E-DAC34F26BACB}.Debug|Any CPU.Build.0 = Debug|Any CPU
		{B3857E3F-A47E-4AA7-813E-DAC34F26BACB}.Release|Any CPU.ActiveCfg = Release|Any CPU
		{B3857E3F-A47E-4AA7-813E-DAC34F26BACB}.Release|Any CPU.Build.0 = Release|Any CPU
		{287AB54C-6146-450B-8F45-67C841AB7743}.Debug|Any CPU.ActiveCfg = Debug|Any CPU
		{287AB54C-6146-450B-8F45-67C841AB7743}.Debug|Any CPU.Build.0 = Debug|Any CPU
		{287AB54C-6146-450B-8F45-67C841AB7743}.Release|Any CPU.ActiveCfg = Release|Any CPU
		{287AB54C-6146-450B-8F45-67C841AB7743}.Release|Any CPU.Build.0 = Release|Any CPU
		{BC8798C8-66CB-431E-9A90-2A6A8F0A54ED}.Debug|Any CPU.ActiveCfg = Debug|Any CPU
		{BC8798C8-66CB-431E-9A90-2A6A8F0A54ED}.Debug|Any CPU.Build.0 = Debug|Any CPU
		{BC8798C8-66CB-431E-9A90-2A6A8F0A54ED}.Release|Any CPU.ActiveCfg = Release|Any CPU
		{BC8798C8-66CB-431E-9A90-2A6A8F0A54ED}.Release|Any CPU.Build.0 = Release|Any CPU
		{C22B06F0-F6BB-4384-8F4A-71FE4DAB6CCA}.Debug|Any CPU.ActiveCfg = Debug|Any CPU
		{C22B06F0-F6BB-4384-8F4A-71FE4DAB6CCA}.Debug|Any CPU.Build.0 = Debug|Any CPU
		{C22B06F0-F6BB-4384-8F4A-71FE4DAB6CCA}.Release|Any CPU.ActiveCfg = Release|Any CPU
		{C22B06F0-F6BB-4384-8F4A-71FE4DAB6CCA}.Release|Any CPU.Build.0 = Release|Any CPU
		{1AB64AEF-AA83-45C2-B03E-282072FF318E}.Debug|Any CPU.ActiveCfg = Debug|Any CPU
		{1AB64AEF-AA83-45C2-B03E-282072FF318E}.Debug|Any CPU.Build.0 = Debug|Any CPU
		{1AB64AEF-AA83-45C2-B03E-282072FF318E}.Release|Any CPU.ActiveCfg = Release|Any CPU
		{1AB64AEF-AA83-45C2-B03E-282072FF318E}.Release|Any CPU.Build.0 = Release|Any CPU
		{F16BE0D9-4F76-40CC-8614-C42BB18B6F89}.Debug|Any CPU.ActiveCfg = Debug|Any CPU
		{F16BE0D9-4F76-40CC-8614-C42BB18B6F89}.Debug|Any CPU.Build.0 = Debug|Any CPU
		{F16BE0D9-4F76-40CC-8614-C42BB18B6F89}.Release|Any CPU.ActiveCfg = Release|Any CPU
		{F16BE0D9-4F76-40CC-8614-C42BB18B6F89}.Release|Any CPU.Build.0 = Release|Any CPU
		{D57CB64A-9C32-4FD0-A735-F5BB3185C187}.Debug|Any CPU.ActiveCfg = Debug|Any CPU
		{D57CB64A-9C32-4FD0-A735-F5BB3185C187}.Debug|Any CPU.Build.0 = Debug|Any CPU
		{D57CB64A-9C32-4FD0-A735-F5BB3185C187}.Release|Any CPU.ActiveCfg = Release|Any CPU
		{D57CB64A-9C32-4FD0-A735-F5BB3185C187}.Release|Any CPU.Build.0 = Release|Any CPU
		{67AEA2E8-9667-43CF-B70D-688CD6F87F47}.Debug|Any CPU.ActiveCfg = Debug|Any CPU
		{67AEA2E8-9667-43CF-B70D-688CD6F87F47}.Debug|Any CPU.Build.0 = Debug|Any CPU
		{67AEA2E8-9667-43CF-B70D-688CD6F87F47}.Release|Any CPU.ActiveCfg = Release|Any CPU
		{67AEA2E8-9667-43CF-B70D-688CD6F87F47}.Release|Any CPU.Build.0 = Release|Any CPU
		{1865B964-D62D-479E-A7C5-6FFF844B0A28}.Debug|Any CPU.ActiveCfg = Debug|Any CPU
		{1865B964-D62D-479E-A7C5-6FFF844B0A28}.Debug|Any CPU.Build.0 = Debug|Any CPU
		{1865B964-D62D-479E-A7C5-6FFF844B0A28}.Release|Any CPU.ActiveCfg = Release|Any CPU
		{1865B964-D62D-479E-A7C5-6FFF844B0A28}.Release|Any CPU.Build.0 = Release|Any CPU
		{533A2B31-8D4D-4EFF-B7C9-1F839D07D8A3}.Debug|Any CPU.ActiveCfg = Debug|Any CPU
		{533A2B31-8D4D-4EFF-B7C9-1F839D07D8A3}.Debug|Any CPU.Build.0 = Debug|Any CPU
		{533A2B31-8D4D-4EFF-B7C9-1F839D07D8A3}.Release|Any CPU.ActiveCfg = Release|Any CPU
		{533A2B31-8D4D-4EFF-B7C9-1F839D07D8A3}.Release|Any CPU.Build.0 = Release|Any CPU
		{5A08C4BB-0554-4F79-95F9-6200704BD5A2}.Debug|Any CPU.ActiveCfg = Debug|Any CPU
		{5A08C4BB-0554-4F79-95F9-6200704BD5A2}.Debug|Any CPU.Build.0 = Debug|Any CPU
		{5A08C4BB-0554-4F79-95F9-6200704BD5A2}.Release|Any CPU.ActiveCfg = Release|Any CPU
		{5A08C4BB-0554-4F79-95F9-6200704BD5A2}.Release|Any CPU.Build.0 = Release|Any CPU
		{44D08D7F-8F98-4C6C-81D8-7FA94683401F}.Debug|Any CPU.ActiveCfg = Debug|Any CPU
		{44D08D7F-8F98-4C6C-81D8-7FA94683401F}.Debug|Any CPU.Build.0 = Debug|Any CPU
		{44D08D7F-8F98-4C6C-81D8-7FA94683401F}.Release|Any CPU.ActiveCfg = Release|Any CPU
		{44D08D7F-8F98-4C6C-81D8-7FA94683401F}.Release|Any CPU.Build.0 = Release|Any CPU
	EndGlobalSection
	GlobalSection(SolutionProperties) = preSolution
		HideSolutionNode = FALSE
	EndGlobalSection
	GlobalSection(ExtensibilityGlobals) = postSolution
		SolutionGuid = {EECBA245-E197-4BA7-ADCA-EFB735A958F3}
	EndGlobalSection
EndGlobal
